
Microsoft Visual Studio Solution File, Format Version 12.00
# Visual Studio 15
VisualStudioVersion = 15.0.27428.2037
MinimumVisualStudioVersion = 10.0.40219.1
Project("{FAE04EC0-301F-11D3-BF4B-00C04F79EFBC}") = "Tests", "Tests\Tests.csproj", "{A29532AB-CFE4-43B2-8C3B-CB39D36E99C0}"
EndProject
Project("{FAE04EC0-301F-11D3-BF4B-00C04F79EFBC}") = "Core", "..\Core\Core.csproj", "{8764EB90-9D46-41FE-997B-4DE6DC954830}"
EndProject
Project("{FAE04EC0-301F-11D3-BF4B-00C04F79EFBC}") = "Gurock.TestRail", "..\TestRail\Gurock.TestRail.csproj", "{2162E7EE-ED4C-4C41-8E21-66976AB11D1A}"
EndProject
Global
	GlobalSection(SolutionConfigurationPlatforms) = preSolution
		Debug|Any CPU = Debug|Any CPU
		Release|Any CPU = Release|Any CPU
	EndGlobalSection
	GlobalSection(ProjectConfigurationPlatforms) = postSolution
		{A29532AB-CFE4-43B2-8C3B-CB39D36E99C0}.Debug|Any CPU.ActiveCfg = Debug|Any CPU
		{A29532AB-CFE4-43B2-8C3B-CB39D36E99C0}.Debug|Any CPU.Build.0 = Debug|Any CPU
		{A29532AB-CFE4-43B2-8C3B-CB39D36E99C0}.Release|Any CPU.ActiveCfg = Release|Any CPU
		{A29532AB-CFE4-43B2-8C3B-CB39D36E99C0}.Release|Any CPU.Build.0 = Release|Any CPU
		{8764EB90-9D46-41FE-997B-4DE6DC954830}.Debug|Any CPU.ActiveCfg = Debug|Any CPU
		{8764EB90-9D46-41FE-997B-4DE6DC954830}.Debug|Any CPU.Build.0 = Debug|Any CPU
		{8764EB90-9D46-41FE-997B-4DE6DC954830}.Release|Any CPU.ActiveCfg = Release|Any CPU
		{8764EB90-9D46-41FE-997B-4DE6DC954830}.Release|Any CPU.Build.0 = Release|Any CPU
		{2162E7EE-ED4C-4C41-8E21-66976AB11D1A}.Debug|Any CPU.ActiveCfg = Debug|Any CPU
		{2162E7EE-ED4C-4C41-8E21-66976AB11D1A}.Debug|Any CPU.Build.0 = Debug|Any CPU
		{2162E7EE-ED4C-4C41-8E21-66976AB11D1A}.Release|Any CPU.ActiveCfg = Release|Any CPU
		{2162E7EE-ED4C-4C41-8E21-66976AB11D1A}.Release|Any CPU.Build.0 = Release|Any CPU
	EndGlobalSection
	GlobalSection(SolutionProperties) = preSolution
		HideSolutionNode = FALSE
	EndGlobalSection
	GlobalSection(ExtensibilityGlobals) = postSolution
		SolutionGuid = {F63874F2-092C-4E01-9C27-934A54D84B2C}
	EndGlobalSection
EndGlobal
